// !$*UTF8*$!
{
	archiveVersion = 1;
	classes = {
	};
	objectVersion = 46;
	objects = {

/* Begin PBXBuildFile section */
		740D0C8E16F41D970027EE2B /* MonoWheelController.xib in Resources */ = {isa = PBXBuildFile; fileRef = 740D0C8D16F41D970027EE2B /* MonoWheelController.xib */; };
		743182A816E82CBE00FB799A /* ZNImageWheel.m in Sources */ = {isa = PBXBuildFile; fileRef = 743182A716E82CBE00FB799A /* ZNImageWheel.m */; };
		743182AE16E830CA00FB799A /* UIColor+z.m in Sources */ = {isa = PBXBuildFile; fileRef = 743182AD16E830CA00FB799A /* UIColor+z.m */; };
		743182B416E83F3300FB799A /* SWColorImageProductor.m in Sources */ = {isa = PBXBuildFile; fileRef = 743182B316E83F3300FB799A /* SWColorImageProductor.m */; };
		7453F80116E9F267003B2195 /* BiWheelController.xib in Resources */ = {isa = PBXBuildFile; fileRef = 7453F80016E9F267003B2195 /* BiWheelController.xib */; };
		7453F80316E9F279003B2195 /* TriWheelController.xib in Resources */ = {isa = PBXBuildFile; fileRef = 7453F80216E9F278003B2195 /* TriWheelController.xib */; };
		745FC35F16E6E2A500F61FED /* QuartzCore.framework in Frameworks */ = {isa = PBXBuildFile; fileRef = 745FC35E16E6E2A500F61FED /* QuartzCore.framework */; };
		745FC36516E6EC2A00F61FED /* UIImage+z.m in Sources */ = {isa = PBXBuildFile; fileRef = 745FC36116E6EC2A00F61FED /* UIImage+z.m */; };
		745FC36616E6EC2A00F61FED /* UIView+z.m in Sources */ = {isa = PBXBuildFile; fileRef = 745FC36416E6EC2A00F61FED /* UIView+z.m */; };
		74645BBF1758B0A3000AABD4 /* DisplayTimer.m in Sources */ = {isa = PBXBuildFile; fileRef = 74645BBE1758B0A3000AABD4 /* DisplayTimer.m */; };
		7465956E16E9C02700592979 /* wheelSound.aif in Resources */ = {isa = PBXBuildFile; fileRef = 7465956D16E9C02700592979 /* wheelSound.aif */; };
		7465957016E9C11300592979 /* AudioToolbox.framework in Frameworks */ = {isa = PBXBuildFile; fileRef = 7465956F16E9C11300592979 /* AudioToolbox.framework */; };
		74C5BE6A175C76E7009B552C /* TitleView.m in Sources */ = {isa = PBXBuildFile; fileRef = 74C5BE69175C76E7009B552C /* TitleView.m */; };
		74C5BE6C175C7703009B552C /* TitleView.xib in Resources */ = {isa = PBXBuildFile; fileRef = 74C5BE6B175C7703009B552C /* TitleView.xib */; };
		74C5BE6E175C9B8C009B552C /* MainViewController.xib in Resources */ = {isa = PBXBuildFile; fileRef = 74C5BE6D175C9B8C009B552C /* MainViewController.xib */; };
		74C5BE72175CAD2B009B552C /* 1wheel.png in Resources */ = {isa = PBXBuildFile; fileRef = 74C5BE6F175CAD2A009B552C /* 1wheel.png */; };
		74C5BE73175CAD2B009B552C /* 2wheel.png in Resources */ = {isa = PBXBuildFile; fileRef = 74C5BE70175CAD2A009B552C /* 2wheel.png */; };
		74C5BE74175CAD2B009B552C /* 3wheel.png in Resources */ = {isa = PBXBuildFile; fileRef = 74C5BE71175CAD2B009B552C /* 3wheel.png */; };
		74D52C1A1706E45900E54EB4 /* WheelInfoViewController.m in Sources */ = {isa = PBXBuildFile; fileRef = 74D52C191706E45900E54EB4 /* WheelInfoViewController.m */; };
		74DE8EFE175C4E730029C3D0 /* UIViewController+z.m in Sources */ = {isa = PBXBuildFile; fileRef = 74DE8EFD175C4E730029C3D0 /* UIViewController+z.m */; };
		74DE8F06175C50D10029C3D0 /* UIViewController_z.m in Sources */ = {isa = PBXBuildFile; fileRef = 74DE8F05175C50D10029C3D0 /* UIViewController_z.m */; };
		74DE8F13175C6B7E0029C3D0 /* creamcolor_bk@2x.png in Resources */ = {isa = PBXBuildFile; fileRef = 74DE8F08175C6B7E0029C3D0 /* creamcolor_bk@2x.png */; };
		74DE8F14175C6B7E0029C3D0 /* navi_btn_bk_down@2x~iphone.png in Resources */ = {isa = PBXBuildFile; fileRef = 74DE8F09175C6B7E0029C3D0 /* navi_btn_bk_down@2x~iphone.png */; };
		74DE8F15175C6B7E0029C3D0 /* navi_btn_bk_normal@2x~iphone.png in Resources */ = {isa = PBXBuildFile; fileRef = 74DE8F0A175C6B7E0029C3D0 /* navi_btn_bk_normal@2x~iphone.png */; };
		74DE8F16175C6B7E0029C3D0 /* navi_btn_icon_back@2x~iphone.png in Resources */ = {isa = PBXBuildFile; fileRef = 74DE8F0B175C6B7E0029C3D0 /* navi_btn_icon_back@2x~iphone.png */; };
		74DE8F17175C6B7E0029C3D0 /* navi_btn_icon_back_disabled@2x~iphone.png in Resources */ = {isa = PBXBuildFile; fileRef = 74DE8F0C175C6B7E0029C3D0 /* navi_btn_icon_back_disabled@2x~iphone.png */; };
		74DE8F18175C6B7E0029C3D0 /* navi_btn_icon_close.png in Resources */ = {isa = PBXBuildFile; fileRef = 74DE8F0D175C6B7E0029C3D0 /* navi_btn_icon_close.png */; };
		74DE8F19175C6B7E0029C3D0 /* navi_btn_icon_close_disabled.png in Resources */ = {isa = PBXBuildFile; fileRef = 74DE8F0E175C6B7E0029C3D0 /* navi_btn_icon_close_disabled.png */; };
		74DE8F1A175C6B7E0029C3D0 /* navi_btn_icon_edit@2x~iphone.png in Resources */ = {isa = PBXBuildFile; fileRef = 74DE8F0F175C6B7E0029C3D0 /* navi_btn_icon_edit@2x~iphone.png */; };
		74DE8F1B175C6B7E0029C3D0 /* navi_btn_icon_edit_disabled@2x~iphone.png in Resources */ = {isa = PBXBuildFile; fileRef = 74DE8F10175C6B7E0029C3D0 /* navi_btn_icon_edit_disabled@2x~iphone.png */; };
		74DE8F1C175C6B7E0029C3D0 /* table_cell_checked@2x.png in Resources */ = {isa = PBXBuildFile; fileRef = 74DE8F11175C6B7E0029C3D0 /* table_cell_checked@2x.png */; };
		74DE8F1D175C6B7E0029C3D0 /* table_cell_unchecked@2x.png in Resources */ = {isa = PBXBuildFile; fileRef = 74DE8F12175C6B7E0029C3D0 /* table_cell_unchecked@2x.png */; };
		74FE012816F41B7300F2A64A /* MonoWheelController.m in Sources */ = {isa = PBXBuildFile; fileRef = 74FE012616F41B7200F2A64A /* MonoWheelController.m */; };
		A658E91F16E7981800C81BBF /* SpinWheel.m in Sources */ = {isa = PBXBuildFile; fileRef = A658E91D16E7981800C81BBF /* SpinWheel.m */; };
		A6598F5D16EAD64E00AE35B9 /* NSObject+z.m in Sources */ = {isa = PBXBuildFile; fileRef = A6598F5C16EAD64E00AE35B9 /* NSObject+z.m */; };
		A68908231707243500972D7E /* EditableTableViewController.m in Sources */ = {isa = PBXBuildFile; fileRef = A68908211707243400972D7E /* EditableTableViewController.m */; };
		A68908241707243500972D7E /* EditableTableViewController.xib in Resources */ = {isa = PBXBuildFile; fileRef = A68908221707243500972D7E /* EditableTableViewController.xib */; };
		A69D7F0616E62BEF00DD1DE3 /* UIKit.framework in Frameworks */ = {isa = PBXBuildFile; fileRef = A69D7F0516E62BEF00DD1DE3 /* UIKit.framework */; };
		A69D7F0816E62BEF00DD1DE3 /* Foundation.framework in Frameworks */ = {isa = PBXBuildFile; fileRef = A69D7F0716E62BEF00DD1DE3 /* Foundation.framework */; };
		A69D7F0A16E62BEF00DD1DE3 /* CoreGraphics.framework in Frameworks */ = {isa = PBXBuildFile; fileRef = A69D7F0916E62BEF00DD1DE3 /* CoreGraphics.framework */; };
		A69D7F1016E62BEF00DD1DE3 /* InfoPlist.strings in Resources */ = {isa = PBXBuildFile; fileRef = A69D7F0E16E62BEF00DD1DE3 /* InfoPlist.strings */; };
		A69D7F1216E62BEF00DD1DE3 /* main.m in Sources */ = {isa = PBXBuildFile; fileRef = A69D7F1116E62BEF00DD1DE3 /* main.m */; };
		A69D7F1816E62BEF00DD1DE3 /* Default.png in Resources */ = {isa = PBXBuildFile; fileRef = A69D7F1716E62BEF00DD1DE3 /* Default.png */; };
		A69D7F1A16E62BEF00DD1DE3 /* Default@2x.png in Resources */ = {isa = PBXBuildFile; fileRef = A69D7F1916E62BEF00DD1DE3 /* Default@2x.png */; };
		A69D7F1C16E62BF000DD1DE3 /* Default-568h@2x.png in Resources */ = {isa = PBXBuildFile; fileRef = A69D7F1B16E62BEF00DD1DE3 /* Default-568h@2x.png */; };
		A69D7F3D16E62D3D00DD1DE3 /* BiWheelController.m in Sources */ = {isa = PBXBuildFile; fileRef = A69D7F2416E62D3D00DD1DE3 /* BiWheelController.m */; };
		A69D7F3F16E62D3D00DD1DE3 /* SWNavigationController.m in Sources */ = {isa = PBXBuildFile; fileRef = A69D7F2716E62D3D00DD1DE3 /* SWNavigationController.m */; };
		A69D7F4316E62D3D00DD1DE3 /* SWAppDelegate.m in Sources */ = {isa = PBXBuildFile; fileRef = A69D7F2E16E62D3D00DD1DE3 /* SWAppDelegate.m */; };
		A69D7F4416E62D3D00DD1DE3 /* TriWheelController.m in Sources */ = {isa = PBXBuildFile; fileRef = A69D7F3016E62D3D00DD1DE3 /* TriWheelController.m */; };
		A69D7F4616E62D3D00DD1DE3 /* MainViewController.m in Sources */ = {isa = PBXBuildFile; fileRef = A69D7F3316E62D3D00DD1DE3 /* MainViewController.m */; };
/* End PBXBuildFile section */

/* Begin PBXFileReference section */
		740D0C8D16F41D970027EE2B /* MonoWheelController.xib */ = {isa = PBXFileReference; fileEncoding = 4; lastKnownFileType = file.xib; path = MonoWheelController.xib; sourceTree = "<group>"; };
		743182A616E82CBE00FB799A /* ZNImageWheel.h */ = {isa = PBXFileReference; fileEncoding = 4; lastKnownFileType = sourcecode.c.h; path = ZNImageWheel.h; sourceTree = "<group>"; };
		743182A716E82CBE00FB799A /* ZNImageWheel.m */ = {isa = PBXFileReference; fileEncoding = 4; lastKnownFileType = sourcecode.c.objc; path = ZNImageWheel.m; sourceTree = "<group>"; };
		743182AC16E830CA00FB799A /* UIColor+z.h */ = {isa = PBXFileReference; fileEncoding = 4; lastKnownFileType = sourcecode.c.h; path = "UIColor+z.h"; sourceTree = "<group>"; };
		743182AD16E830CA00FB799A /* UIColor+z.m */ = {isa = PBXFileReference; fileEncoding = 4; lastKnownFileType = sourcecode.c.objc; path = "UIColor+z.m"; sourceTree = "<group>"; };
		743182AF16E83D0F00FB799A /* SWColor.h */ = {isa = PBXFileReference; fileEncoding = 4; lastKnownFileType = sourcecode.c.h; path = SWColor.h; sourceTree = "<group>"; };
		743182B216E83F3300FB799A /* SWColorImageProductor.h */ = {isa = PBXFileReference; fileEncoding = 4; lastKnownFileType = sourcecode.c.h; path = SWColorImageProductor.h; sourceTree = "<group>"; };
		743182B316E83F3300FB799A /* SWColorImageProductor.m */ = {isa = PBXFileReference; fileEncoding = 4; lastKnownFileType = sourcecode.c.objc; path = SWColorImageProductor.m; sourceTree = "<group>"; };
		7453F80016E9F267003B2195 /* BiWheelController.xib */ = {isa = PBXFileReference; fileEncoding = 4; lastKnownFileType = file.xib; path = BiWheelController.xib; sourceTree = "<group>"; };
		7453F80216E9F278003B2195 /* TriWheelController.xib */ = {isa = PBXFileReference; fileEncoding = 4; lastKnownFileType = file.xib; path = TriWheelController.xib; sourceTree = "<group>"; };
		745FC35E16E6E2A500F61FED /* QuartzCore.framework */ = {isa = PBXFileReference; lastKnownFileType = wrapper.framework; name = QuartzCore.framework; path = System/Library/Frameworks/QuartzCore.framework; sourceTree = SDKROOT; };
		745FC36016E6EC2A00F61FED /* UIImage+z.h */ = {isa = PBXFileReference; fileEncoding = 4; lastKnownFileType = sourcecode.c.h; path = "UIImage+z.h"; sourceTree = "<group>"; };
		745FC36116E6EC2A00F61FED /* UIImage+z.m */ = {isa = PBXFileReference; fileEncoding = 4; lastKnownFileType = sourcecode.c.objc; path = "UIImage+z.m"; sourceTree = "<group>"; };
		745FC36216E6EC2A00F61FED /* UIKit+z.h */ = {isa = PBXFileReference; fileEncoding = 4; lastKnownFileType = sourcecode.c.h; path = "UIKit+z.h"; sourceTree = "<group>"; };
		745FC36316E6EC2A00F61FED /* UIView+z.h */ = {isa = PBXFileReference; fileEncoding = 4; lastKnownFileType = sourcecode.c.h; path = "UIView+z.h"; sourceTree = "<group>"; };
		745FC36416E6EC2A00F61FED /* UIView+z.m */ = {isa = PBXFileReference; fileEncoding = 4; lastKnownFileType = sourcecode.c.objc; path = "UIView+z.m"; sourceTree = "<group>"; };
		74645BBD1758B0A3000AABD4 /* DisplayTimer.h */ = {isa = PBXFileReference; fileEncoding = 4; lastKnownFileType = sourcecode.c.h; path = DisplayTimer.h; sourceTree = "<group>"; };
		74645BBE1758B0A3000AABD4 /* DisplayTimer.m */ = {isa = PBXFileReference; fileEncoding = 4; lastKnownFileType = sourcecode.c.objc; path = DisplayTimer.m; sourceTree = "<group>"; };
		7465956D16E9C02700592979 /* wheelSound.aif */ = {isa = PBXFileReference; lastKnownFileType = file; path = wheelSound.aif; sourceTree = "<group>"; };
		7465956F16E9C11300592979 /* AudioToolbox.framework */ = {isa = PBXFileReference; lastKnownFileType = wrapper.framework; name = AudioToolbox.framework; path = System/Library/Frameworks/AudioToolbox.framework; sourceTree = SDKROOT; };
		74C5BE68175C76E7009B552C /* TitleView.h */ = {isa = PBXFileReference; fileEncoding = 4; lastKnownFileType = sourcecode.c.h; path = TitleView.h; sourceTree = "<group>"; };
		74C5BE69175C76E7009B552C /* TitleView.m */ = {isa = PBXFileReference; fileEncoding = 4; lastKnownFileType = sourcecode.c.objc; path = TitleView.m; sourceTree = "<group>"; };
		74C5BE6B175C7703009B552C /* TitleView.xib */ = {isa = PBXFileReference; fileEncoding = 4; lastKnownFileType = file.xib; path = TitleView.xib; sourceTree = "<group>"; };
		74C5BE6D175C9B8C009B552C /* MainViewController.xib */ = {isa = PBXFileReference; fileEncoding = 4; lastKnownFileType = file.xib; path = MainViewController.xib; sourceTree = "<group>"; };
		74C5BE6F175CAD2A009B552C /* 1wheel.png */ = {isa = PBXFileReference; lastKnownFileType = image.png; path = 1wheel.png; sourceTree = "<group>"; };
		74C5BE70175CAD2A009B552C /* 2wheel.png */ = {isa = PBXFileReference; lastKnownFileType = image.png; path = 2wheel.png; sourceTree = "<group>"; };
		74C5BE71175CAD2B009B552C /* 3wheel.png */ = {isa = PBXFileReference; lastKnownFileType = image.png; path = 3wheel.png; sourceTree = "<group>"; };
		74D52C181706E45900E54EB4 /* WheelInfoViewController.h */ = {isa = PBXFileReference; fileEncoding = 4; lastKnownFileType = sourcecode.c.h; path = WheelInfoViewController.h; sourceTree = "<group>"; };
		74D52C191706E45900E54EB4 /* WheelInfoViewController.m */ = {isa = PBXFileReference; fileEncoding = 4; lastKnownFileType = sourcecode.c.objc; path = WheelInfoViewController.m; sourceTree = "<group>"; };
		74DE8EFC175C4E730029C3D0 /* UIViewController+z.h */ = {isa = PBXFileReference; fileEncoding = 4; lastKnownFileType = sourcecode.c.h; path = "UIViewController+z.h"; sourceTree = "<group>"; };
		74DE8EFD175C4E730029C3D0 /* UIViewController+z.m */ = {isa = PBXFileReference; fileEncoding = 4; lastKnownFileType = sourcecode.c.objc; path = "UIViewController+z.m"; sourceTree = "<group>"; };
		74DE8F04175C50D10029C3D0 /* UIViewController_z.h */ = {isa = PBXFileReference; fileEncoding = 4; lastKnownFileType = sourcecode.c.h; path = UIViewController_z.h; sourceTree = "<group>"; };
		74DE8F05175C50D10029C3D0 /* UIViewController_z.m */ = {isa = PBXFileReference; fileEncoding = 4; lastKnownFileType = sourcecode.c.objc; path = UIViewController_z.m; sourceTree = "<group>"; };
		74DE8F08175C6B7E0029C3D0 /* creamcolor_bk@2x.png */ = {isa = PBXFileReference; lastKnownFileType = image.png; path = "creamcolor_bk@2x.png"; sourceTree = "<group>"; };
		74DE8F09175C6B7E0029C3D0 /* navi_btn_bk_down@2x~iphone.png */ = {isa = PBXFileReference; lastKnownFileType = image.png; path = "navi_btn_bk_down@2x~iphone.png"; sourceTree = "<group>"; };
		74DE8F0A175C6B7E0029C3D0 /* navi_btn_bk_normal@2x~iphone.png */ = {isa = PBXFileReference; lastKnownFileType = image.png; path = "navi_btn_bk_normal@2x~iphone.png"; sourceTree = "<group>"; };
		74DE8F0B175C6B7E0029C3D0 /* navi_btn_icon_back@2x~iphone.png */ = {isa = PBXFileReference; lastKnownFileType = image.png; path = "navi_btn_icon_back@2x~iphone.png"; sourceTree = "<group>"; };
		74DE8F0C175C6B7E0029C3D0 /* navi_btn_icon_back_disabled@2x~iphone.png */ = {isa = PBXFileReference; lastKnownFileType = image.png; path = "navi_btn_icon_back_disabled@2x~iphone.png"; sourceTree = "<group>"; };
		74DE8F0D175C6B7E0029C3D0 /* navi_btn_icon_close.png */ = {isa = PBXFileReference; lastKnownFileType = image.png; path = navi_btn_icon_close.png; sourceTree = "<group>"; };
		74DE8F0E175C6B7E0029C3D0 /* navi_btn_icon_close_disabled.png */ = {isa = PBXFileReference; lastKnownFileType = image.png; path = navi_btn_icon_close_disabled.png; sourceTree = "<group>"; };
		74DE8F0F175C6B7E0029C3D0 /* navi_btn_icon_edit@2x~iphone.png */ = {isa = PBXFileReference; lastKnownFileType = image.png; path = "navi_btn_icon_edit@2x~iphone.png"; sourceTree = "<group>"; };
		74DE8F10175C6B7E0029C3D0 /* navi_btn_icon_edit_disabled@2x~iphone.png */ = {isa = PBXFileReference; lastKnownFileType = image.png; path = "navi_btn_icon_edit_disabled@2x~iphone.png"; sourceTree = "<group>"; };
		74DE8F11175C6B7E0029C3D0 /* table_cell_checked@2x.png */ = {isa = PBXFileReference; lastKnownFileType = image.png; path = "table_cell_checked@2x.png"; sourceTree = "<group>"; };
		74DE8F12175C6B7E0029C3D0 /* table_cell_unchecked@2x.png */ = {isa = PBXFileReference; lastKnownFileType = image.png; path = "table_cell_unchecked@2x.png"; sourceTree = "<group>"; };
		74FE012516F41B7200F2A64A /* MonoWheelController.h */ = {isa = PBXFileReference; fileEncoding = 4; lastKnownFileType = sourcecode.c.h; path = MonoWheelController.h; sourceTree = "<group>"; };
		74FE012616F41B7200F2A64A /* MonoWheelController.m */ = {isa = PBXFileReference; fileEncoding = 4; lastKnownFileType = sourcecode.c.objc; path = MonoWheelController.m; sourceTree = "<group>"; };
		A658E91D16E7981800C81BBF /* SpinWheel.m */ = {isa = PBXFileReference; fileEncoding = 4; lastKnownFileType = sourcecode.c.objc; path = SpinWheel.m; sourceTree = "<group>"; };
		A658E91E16E7981800C81BBF /* SpinWheel.h */ = {isa = PBXFileReference; fileEncoding = 4; lastKnownFileType = sourcecode.c.h; path = SpinWheel.h; sourceTree = "<group>"; };
		A6598F5B16EAD64E00AE35B9 /* NSObject+z.h */ = {isa = PBXFileReference; fileEncoding = 4; lastKnownFileType = sourcecode.c.h; path = "NSObject+z.h"; sourceTree = "<group>"; };
		A6598F5C16EAD64E00AE35B9 /* NSObject+z.m */ = {isa = PBXFileReference; fileEncoding = 4; lastKnownFileType = sourcecode.c.objc; path = "NSObject+z.m"; sourceTree = "<group>"; };
		A68908201707243400972D7E /* EditableTableViewController.h */ = {isa = PBXFileReference; fileEncoding = 4; lastKnownFileType = sourcecode.c.h; path = EditableTableViewController.h; sourceTree = "<group>"; };
		A68908211707243400972D7E /* EditableTableViewController.m */ = {isa = PBXFileReference; fileEncoding = 4; lastKnownFileType = sourcecode.c.objc; path = EditableTableViewController.m; sourceTree = "<group>"; };
		A68908221707243500972D7E /* EditableTableViewController.xib */ = {isa = PBXFileReference; fileEncoding = 4; lastKnownFileType = file.xib; path = EditableTableViewController.xib; sourceTree = "<group>"; };
		A69D7F0216E62BEF00DD1DE3 /* iSpinWheel.app */ = {isa = PBXFileReference; explicitFileType = wrapper.application; includeInIndex = 0; path = iSpinWheel.app; sourceTree = BUILT_PRODUCTS_DIR; };
		A69D7F0516E62BEF00DD1DE3 /* UIKit.framework */ = {isa = PBXFileReference; lastKnownFileType = wrapper.framework; name = UIKit.framework; path = System/Library/Frameworks/UIKit.framework; sourceTree = SDKROOT; };
		A69D7F0716E62BEF00DD1DE3 /* Foundation.framework */ = {isa = PBXFileReference; lastKnownFileType = wrapper.framework; name = Foundation.framework; path = System/Library/Frameworks/Foundation.framework; sourceTree = SDKROOT; };
		A69D7F0916E62BEF00DD1DE3 /* CoreGraphics.framework */ = {isa = PBXFileReference; lastKnownFileType = wrapper.framework; name = CoreGraphics.framework; path = System/Library/Frameworks/CoreGraphics.framework; sourceTree = SDKROOT; };
		A69D7F0D16E62BEF00DD1DE3 /* iSpinWheel-Info.plist */ = {isa = PBXFileReference; lastKnownFileType = text.plist.xml; path = "iSpinWheel-Info.plist"; sourceTree = "<group>"; };
		A69D7F0F16E62BEF00DD1DE3 /* en */ = {isa = PBXFileReference; lastKnownFileType = text.plist.strings; name = en; path = en.lproj/InfoPlist.strings; sourceTree = "<group>"; };
		A69D7F1116E62BEF00DD1DE3 /* main.m */ = {isa = PBXFileReference; lastKnownFileType = sourcecode.c.objc; path = main.m; sourceTree = "<group>"; };
		A69D7F1316E62BEF00DD1DE3 /* iSpinWheel-Prefix.h */ = {isa = PBXFileReference; lastKnownFileType = sourcecode.c.h; path = "iSpinWheel-Prefix.h"; sourceTree = "<group>"; };
		A69D7F1716E62BEF00DD1DE3 /* Default.png */ = {isa = PBXFileReference; lastKnownFileType = image.png; path = Default.png; sourceTree = "<group>"; };
		A69D7F1916E62BEF00DD1DE3 /* Default@2x.png */ = {isa = PBXFileReference; lastKnownFileType = image.png; path = "Default@2x.png"; sourceTree = "<group>"; };
		A69D7F1B16E62BEF00DD1DE3 /* Default-568h@2x.png */ = {isa = PBXFileReference; lastKnownFileType = image.png; path = "Default-568h@2x.png"; sourceTree = "<group>"; };
		A69D7F2316E62D3D00DD1DE3 /* BiWheelController.h */ = {isa = PBXFileReference; fileEncoding = 4; lastKnownFileType = sourcecode.c.h; path = BiWheelController.h; sourceTree = "<group>"; };
		A69D7F2416E62D3D00DD1DE3 /* BiWheelController.m */ = {isa = PBXFileReference; fileEncoding = 4; lastKnownFileType = sourcecode.c.objc; path = BiWheelController.m; sourceTree = "<group>"; };
		A69D7F2616E62D3D00DD1DE3 /* SWNavigationController.h */ = {isa = PBXFileReference; fileEncoding = 4; lastKnownFileType = sourcecode.c.h; name = SWNavigationController.h; path = ../../Class/SWNavigationController.h; sourceTree = "<group>"; };
		A69D7F2716E62D3D00DD1DE3 /* SWNavigationController.m */ = {isa = PBXFileReference; fileEncoding = 4; lastKnownFileType = sourcecode.c.objc; name = SWNavigationController.m; path = ../../Class/SWNavigationController.m; sourceTree = "<group>"; };
		A69D7F2D16E62D3D00DD1DE3 /* SWAppDelegate.h */ = {isa = PBXFileReference; fileEncoding = 4; lastKnownFileType = sourcecode.c.h; path = SWAppDelegate.h; sourceTree = "<group>"; };
		A69D7F2E16E62D3D00DD1DE3 /* SWAppDelegate.m */ = {isa = PBXFileReference; fileEncoding = 4; lastKnownFileType = sourcecode.c.objc; path = SWAppDelegate.m; sourceTree = "<group>"; };
		A69D7F2F16E62D3D00DD1DE3 /* TriWheelController.h */ = {isa = PBXFileReference; fileEncoding = 4; lastKnownFileType = sourcecode.c.h; path = TriWheelController.h; sourceTree = "<group>"; };
		A69D7F3016E62D3D00DD1DE3 /* TriWheelController.m */ = {isa = PBXFileReference; fileEncoding = 4; lastKnownFileType = sourcecode.c.objc; path = TriWheelController.m; sourceTree = "<group>"; };
		A69D7F3216E62D3D00DD1DE3 /* MainViewController.h */ = {isa = PBXFileReference; fileEncoding = 4; lastKnownFileType = sourcecode.c.h; path = MainViewController.h; sourceTree = "<group>"; };
		A69D7F3316E62D3D00DD1DE3 /* MainViewController.m */ = {isa = PBXFileReference; fileEncoding = 4; lastKnownFileType = sourcecode.c.objc; path = MainViewController.m; sourceTree = "<group>"; };
		A69D7F3C16E62D3D00DD1DE3 /* SWMacro.h */ = {isa = PBXFileReference; fileEncoding = 4; lastKnownFileType = sourcecode.c.h; path = SWMacro.h; sourceTree = "<group>"; };
/* End PBXFileReference section */

/* Begin PBXFrameworksBuildPhase section */
		A69D7EFF16E62BEF00DD1DE3 /* Frameworks */ = {
			isa = PBXFrameworksBuildPhase;
			buildActionMask = 2147483647;
			files = (
				7465957016E9C11300592979 /* AudioToolbox.framework in Frameworks */,
				745FC35F16E6E2A500F61FED /* QuartzCore.framework in Frameworks */,
				A69D7F0616E62BEF00DD1DE3 /* UIKit.framework in Frameworks */,
				A69D7F0816E62BEF00DD1DE3 /* Foundation.framework in Frameworks */,
				A69D7F0A16E62BEF00DD1DE3 /* CoreGraphics.framework in Frameworks */,
			);
			runOnlyForDeploymentPostprocessing = 0;
		};
/* End PBXFrameworksBuildPhase section */

/* Begin PBXGroup section */
		743182AA16E8307800FB799A /* ViewController */ = {
			isa = PBXGroup;
			children = (
				74E20C7E17053BE400A78A09 /* mainVC */,
				74E20C7F17053C0A00A78A09 /* WheelVC */,
				74E20C8017053C2200A78A09 /* tableVC */,
			);
			name = ViewController;
			sourceTree = "<group>";
		};
		743182AB16E8309100FB799A /* Wheel */ = {
			isa = PBXGroup;
			children = (
				74645BBD1758B0A3000AABD4 /* DisplayTimer.h */,
				74645BBE1758B0A3000AABD4 /* DisplayTimer.m */,
				743182AF16E83D0F00FB799A /* SWColor.h */,
				743182B216E83F3300FB799A /* SWColorImageProductor.h */,
				743182B316E83F3300FB799A /* SWColorImageProductor.m */,
				A658E91E16E7981800C81BBF /* SpinWheel.h */,
				A658E91D16E7981800C81BBF /* SpinWheel.m */,
				743182A616E82CBE00FB799A /* ZNImageWheel.h */,
				743182A716E82CBE00FB799A /* ZNImageWheel.m */,
			);
			name = Wheel;
			sourceTree = "<group>";
		};
		74DE8F03175C50D10029C3D0 /* base_arch */ = {
			isa = PBXGroup;
			children = (
				A69D7F2616E62D3D00DD1DE3 /* SWNavigationController.h */,
				A69D7F2716E62D3D00DD1DE3 /* SWNavigationController.m */,
				74DE8F04175C50D10029C3D0 /* UIViewController_z.h */,
				74DE8F05175C50D10029C3D0 /* UIViewController_z.m */,
				74C5BE68175C76E7009B552C /* TitleView.h */,
				74C5BE69175C76E7009B552C /* TitleView.m */,
				74C5BE6B175C7703009B552C /* TitleView.xib */,
			);
			path = base_arch;
			sourceTree = "<group>";
		};
		74DE8F07175C6B7E0029C3D0 /* image */ = {
			isa = PBXGroup;
			children = (
				74C5BE6F175CAD2A009B552C /* 1wheel.png */,
				74C5BE70175CAD2A009B552C /* 2wheel.png */,
				74C5BE71175CAD2B009B552C /* 3wheel.png */,
				74DE8F08175C6B7E0029C3D0 /* creamcolor_bk@2x.png */,
				74DE8F09175C6B7E0029C3D0 /* navi_btn_bk_down@2x~iphone.png */,
				74DE8F0A175C6B7E0029C3D0 /* navi_btn_bk_normal@2x~iphone.png */,
				74DE8F0B175C6B7E0029C3D0 /* navi_btn_icon_back@2x~iphone.png */,
				74DE8F0C175C6B7E0029C3D0 /* navi_btn_icon_back_disabled@2x~iphone.png */,
				74DE8F0D175C6B7E0029C3D0 /* navi_btn_icon_close.png */,
				74DE8F0E175C6B7E0029C3D0 /* navi_btn_icon_close_disabled.png */,
				74DE8F0F175C6B7E0029C3D0 /* navi_btn_icon_edit@2x~iphone.png */,
				74DE8F10175C6B7E0029C3D0 /* navi_btn_icon_edit_disabled@2x~iphone.png */,
				74DE8F11175C6B7E0029C3D0 /* table_cell_checked@2x.png */,
				74DE8F12175C6B7E0029C3D0 /* table_cell_unchecked@2x.png */,
			);
			path = image;
			sourceTree = "<group>";
		};
		74E20C7E17053BE400A78A09 /* mainVC */ = {
			isa = PBXGroup;
			children = (
				A69D7F3216E62D3D00DD1DE3 /* MainViewController.h */,
				A69D7F3316E62D3D00DD1DE3 /* MainViewController.m */,
				74C5BE6D175C9B8C009B552C /* MainViewController.xib */,
			);
			name = mainVC;
			sourceTree = "<group>";
		};
		74E20C7F17053C0A00A78A09 /* WheelVC */ = {
			isa = PBXGroup;
			children = (
				74FE012516F41B7200F2A64A /* MonoWheelController.h */,
				74FE012616F41B7200F2A64A /* MonoWheelController.m */,
				740D0C8D16F41D970027EE2B /* MonoWheelController.xib */,
				A69D7F2316E62D3D00DD1DE3 /* BiWheelController.h */,
				A69D7F2416E62D3D00DD1DE3 /* BiWheelController.m */,
				7453F80016E9F267003B2195 /* BiWheelController.xib */,
				A69D7F2F16E62D3D00DD1DE3 /* TriWheelController.h */,
				A69D7F3016E62D3D00DD1DE3 /* TriWheelController.m */,
				7453F80216E9F278003B2195 /* TriWheelController.xib */,
			);
			name = WheelVC;
			sourceTree = "<group>";
		};
		74E20C8017053C2200A78A09 /* tableVC */ = {
			isa = PBXGroup;
			children = (
				A68908201707243400972D7E /* EditableTableViewController.h */,
				A68908211707243400972D7E /* EditableTableViewController.m */,
				A68908221707243500972D7E /* EditableTableViewController.xib */,
				74D52C181706E45900E54EB4 /* WheelInfoViewController.h */,
				74D52C191706E45900E54EB4 /* WheelInfoViewController.m */,
			);
			name = tableVC;
			sourceTree = "<group>";
		};
		A659F2C316E78F3A0092E1BA /* res */ = {
			isa = PBXGroup;
			children = (
				74DE8F07175C6B7E0029C3D0 /* image */,
				7465956D16E9C02700592979 /* wheelSound.aif */,
			);
			path = res;
			sourceTree = "<group>";
		};
		A69D7EF916E62BEF00DD1DE3 = {
			isa = PBXGroup;
			children = (
				A69D7F0B16E62BEF00DD1DE3 /* iSpinWheel */,
				A69D7F0416E62BEF00DD1DE3 /* Frameworks */,
				A69D7F0316E62BEF00DD1DE3 /* Products */,
			);
			sourceTree = "<group>";
		};
		A69D7F0316E62BEF00DD1DE3 /* Products */ = {
			isa = PBXGroup;
			children = (
				A69D7F0216E62BEF00DD1DE3 /* iSpinWheel.app */,
			);
			name = Products;
			sourceTree = "<group>";
		};
		A69D7F0416E62BEF00DD1DE3 /* Frameworks */ = {
			isa = PBXGroup;
			children = (
				7465956F16E9C11300592979 /* AudioToolbox.framework */,
				745FC35E16E6E2A500F61FED /* QuartzCore.framework */,
				A69D7F0516E62BEF00DD1DE3 /* UIKit.framework */,
				A69D7F0716E62BEF00DD1DE3 /* Foundation.framework */,
				A69D7F0916E62BEF00DD1DE3 /* CoreGraphics.framework */,
			);
			name = Frameworks;
			sourceTree = "<group>";
		};
		A69D7F0B16E62BEF00DD1DE3 /* iSpinWheel */ = {
			isa = PBXGroup;
			children = (
				A69D7F2216E62D3D00DD1DE3 /* Class */,
				A69D7F3516E62D3D00DD1DE3 /* Common */,
				A659F2C316E78F3A0092E1BA /* res */,
				A69D7F0C16E62BEF00DD1DE3 /* Supporting Files */,
			);
			path = iSpinWheel;
			sourceTree = "<group>";
		};
		A69D7F0C16E62BEF00DD1DE3 /* Supporting Files */ = {
			isa = PBXGroup;
			children = (
				A69D7F0D16E62BEF00DD1DE3 /* iSpinWheel-Info.plist */,
				A69D7F0E16E62BEF00DD1DE3 /* InfoPlist.strings */,
				A69D7F1116E62BEF00DD1DE3 /* main.m */,
				A69D7F1316E62BEF00DD1DE3 /* iSpinWheel-Prefix.h */,
				A69D7F1716E62BEF00DD1DE3 /* Default.png */,
				A69D7F1916E62BEF00DD1DE3 /* Default@2x.png */,
				A69D7F1B16E62BEF00DD1DE3 /* Default-568h@2x.png */,
			);
			name = "Supporting Files";
			sourceTree = "<group>";
		};
		A69D7F2216E62D3D00DD1DE3 /* Class */ = {
			isa = PBXGroup;
			children = (
				743182AB16E8309100FB799A /* Wheel */,
				743182AA16E8307800FB799A /* ViewController */,
				A69D7F2D16E62D3D00DD1DE3 /* SWAppDelegate.h */,
				A69D7F2E16E62D3D00DD1DE3 /* SWAppDelegate.m */,
			);
			path = Class;
			sourceTree = "<group>";
		};
		A69D7F3516E62D3D00DD1DE3 /* Common */ = {
			isa = PBXGroup;
			children = (
				74DE8F03175C50D10029C3D0 /* base_arch */,
				A69D7F3616E62D3D00DD1DE3 /* category */,
				A69D7F3C16E62D3D00DD1DE3 /* SWMacro.h */,
			);
			path = Common;
			sourceTree = "<group>";
		};
		A69D7F3616E62D3D00DD1DE3 /* category */ = {
			isa = PBXGroup;
			children = (
				745FC36216E6EC2A00F61FED /* UIKit+z.h */,
				745FC36016E6EC2A00F61FED /* UIImage+z.h */,
				745FC36116E6EC2A00F61FED /* UIImage+z.m */,
				745FC36316E6EC2A00F61FED /* UIView+z.h */,
				745FC36416E6EC2A00F61FED /* UIView+z.m */,
				743182AC16E830CA00FB799A /* UIColor+z.h */,
				743182AD16E830CA00FB799A /* UIColor+z.m */,
				A6598F5B16EAD64E00AE35B9 /* NSObject+z.h */,
				A6598F5C16EAD64E00AE35B9 /* NSObject+z.m */,
				74DE8EFC175C4E730029C3D0 /* UIViewController+z.h */,
				74DE8EFD175C4E730029C3D0 /* UIViewController+z.m */,
			);
			path = category;
			sourceTree = "<group>";
		};
/* End PBXGroup section */

/* Begin PBXNativeTarget section */
		A69D7F0116E62BEF00DD1DE3 /* iSpinWheel */ = {
			isa = PBXNativeTarget;
			buildConfigurationList = A69D7F1F16E62BF000DD1DE3 /* Build configuration list for PBXNativeTarget "iSpinWheel" */;
			buildPhases = (
				A69D7EFE16E62BEF00DD1DE3 /* Sources */,
				A69D7EFF16E62BEF00DD1DE3 /* Frameworks */,
				A69D7F0016E62BEF00DD1DE3 /* Resources */,
			);
			buildRules = (
			);
			dependencies = (
			);
			name = iSpinWheel;
			productName = iSpinWheel;
			productReference = A69D7F0216E62BEF00DD1DE3 /* iSpinWheel.app */;
			productType = "com.apple.product-type.application";
		};
/* End PBXNativeTarget section */

/* Begin PBXProject section */
		A69D7EFA16E62BEF00DD1DE3 /* Project object */ = {
			isa = PBXProject;
			attributes = {
				CLASSPREFIX = SW;
				LastUpgradeCheck = 0460;
				ORGANIZATIONNAME = Zion;
			};
			buildConfigurationList = A69D7EFD16E62BEF00DD1DE3 /* Build configuration list for PBXProject "iSpinWheel" */;
			compatibilityVersion = "Xcode 3.2";
			developmentRegion = English;
			hasScannedForEncodings = 0;
			knownRegions = (
				en,
			);
			mainGroup = A69D7EF916E62BEF00DD1DE3;
			productRefGroup = A69D7F0316E62BEF00DD1DE3 /* Products */;
			projectDirPath = "";
			projectRoot = "";
			targets = (
				A69D7F0116E62BEF00DD1DE3 /* iSpinWheel */,
			);
		};
/* End PBXProject section */

/* Begin PBXResourcesBuildPhase section */
		A69D7F0016E62BEF00DD1DE3 /* Resources */ = {
			isa = PBXResourcesBuildPhase;
			buildActionMask = 2147483647;
			files = (
				A69D7F1016E62BEF00DD1DE3 /* InfoPlist.strings in Resources */,
				A69D7F1816E62BEF00DD1DE3 /* Default.png in Resources */,
				A69D7F1A16E62BEF00DD1DE3 /* Default@2x.png in Resources */,
				A69D7F1C16E62BF000DD1DE3 /* Default-568h@2x.png in Resources */,
				7465956E16E9C02700592979 /* wheelSound.aif in Resources */,
				7453F80116E9F267003B2195 /* BiWheelController.xib in Resources */,
				7453F80316E9F279003B2195 /* TriWheelController.xib in Resources */,
				740D0C8E16F41D970027EE2B /* MonoWheelController.xib in Resources */,
				A68908241707243500972D7E /* EditableTableViewController.xib in Resources */,
				74DE8F13175C6B7E0029C3D0 /* creamcolor_bk@2x.png in Resources */,
				74DE8F14175C6B7E0029C3D0 /* navi_btn_bk_down@2x~iphone.png in Resources */,
				74DE8F15175C6B7E0029C3D0 /* navi_btn_bk_normal@2x~iphone.png in Resources */,
				74DE8F16175C6B7E0029C3D0 /* navi_btn_icon_back@2x~iphone.png in Resources */,
				74DE8F17175C6B7E0029C3D0 /* navi_btn_icon_back_disabled@2x~iphone.png in Resources */,
				74DE8F18175C6B7E0029C3D0 /* navi_btn_icon_close.png in Resources */,
				74DE8F19175C6B7E0029C3D0 /* navi_btn_icon_close_disabled.png in Resources */,
				74DE8F1A175C6B7E0029C3D0 /* navi_btn_icon_edit@2x~iphone.png in Resources */,
				74DE8F1B175C6B7E0029C3D0 /* navi_btn_icon_edit_disabled@2x~iphone.png in Resources */,
				74DE8F1C175C6B7E0029C3D0 /* table_cell_checked@2x.png in Resources */,
				74DE8F1D175C6B7E0029C3D0 /* table_cell_unchecked@2x.png in Resources */,
				74C5BE6C175C7703009B552C /* TitleView.xib in Resources */,
				74C5BE6E175C9B8C009B552C /* MainViewController.xib in Resources */,
				74C5BE72175CAD2B009B552C /* 1wheel.png in Resources */,
				74C5BE73175CAD2B009B552C /* 2wheel.png in Resources */,
				74C5BE74175CAD2B009B552C /* 3wheel.png in Resources */,
			);
			runOnlyForDeploymentPostprocessing = 0;
		};
/* End PBXResourcesBuildPhase section */

/* Begin PBXSourcesBuildPhase section */
		A69D7EFE16E62BEF00DD1DE3 /* Sources */ = {
			isa = PBXSourcesBuildPhase;
			buildActionMask = 2147483647;
			files = (
				A69D7F1216E62BEF00DD1DE3 /* main.m in Sources */,
				A69D7F3D16E62D3D00DD1DE3 /* BiWheelController.m in Sources */,
				A69D7F3F16E62D3D00DD1DE3 /* SWNavigationController.m in Sources */,
				A69D7F4316E62D3D00DD1DE3 /* SWAppDelegate.m in Sources */,
				A69D7F4416E62D3D00DD1DE3 /* TriWheelController.m in Sources */,
				A69D7F4616E62D3D00DD1DE3 /* MainViewController.m in Sources */,
				745FC36516E6EC2A00F61FED /* UIImage+z.m in Sources */,
				745FC36616E6EC2A00F61FED /* UIView+z.m in Sources */,
				A658E91F16E7981800C81BBF /* SpinWheel.m in Sources */,
				743182A816E82CBE00FB799A /* ZNImageWheel.m in Sources */,
				743182AE16E830CA00FB799A /* UIColor+z.m in Sources */,
				743182B416E83F3300FB799A /* SWColorImageProductor.m in Sources */,
				A6598F5D16EAD64E00AE35B9 /* NSObject+z.m in Sources */,
				74FE012816F41B7300F2A64A /* MonoWheelController.m in Sources */,
				74D52C1A1706E45900E54EB4 /* WheelInfoViewController.m in Sources */,
				A68908231707243500972D7E /* EditableTableViewController.m in Sources */,
				74645BBF1758B0A3000AABD4 /* DisplayTimer.m in Sources */,
				74DE8EFE175C4E730029C3D0 /* UIViewController+z.m in Sources */,
				74DE8F06175C50D10029C3D0 /* UIViewController_z.m in Sources */,
				74C5BE6A175C76E7009B552C /* TitleView.m in Sources */,
			);
			runOnlyForDeploymentPostprocessing = 0;
		};
/* End PBXSourcesBuildPhase section */

/* Begin PBXVariantGroup section */
		A69D7F0E16E62BEF00DD1DE3 /* InfoPlist.strings */ = {
			isa = PBXVariantGroup;
			children = (
				A69D7F0F16E62BEF00DD1DE3 /* en */,
			);
			name = InfoPlist.strings;
			sourceTree = "<group>";
		};
/* End PBXVariantGroup section */

/* Begin XCBuildConfiguration section */
		A69D7F1D16E62BF000DD1DE3 /* Debug */ = {
			isa = XCBuildConfiguration;
			buildSettings = {
				ALWAYS_SEARCH_USER_PATHS = NO;
				CLANG_CXX_LANGUAGE_STANDARD = "gnu++0x";
				CLANG_CXX_LIBRARY = "libc++";
				CLANG_ENABLE_OBJC_ARC = YES;
				CLANG_WARN_CONSTANT_CONVERSION = YES;
				CLANG_WARN_EMPTY_BODY = YES;
				CLANG_WARN_ENUM_CONVERSION = YES;
				CLANG_WARN_INT_CONVERSION = YES;
				CLANG_WARN__DUPLICATE_METHOD_MATCH = YES;
				"CODE_SIGN_IDENTITY[sdk=iphoneos*]" = "iPhone Developer";
				COPY_PHASE_STRIP = NO;
				GCC_C_LANGUAGE_STANDARD = gnu99;
				GCC_DYNAMIC_NO_PIC = NO;
				GCC_OPTIMIZATION_LEVEL = 0;
				GCC_PREPROCESSOR_DEFINITIONS = (
					"DEBUG=1",
					"$(inherited)",
				);
				GCC_SYMBOLS_PRIVATE_EXTERN = NO;
				GCC_WARN_ABOUT_RETURN_TYPE = YES;
				GCC_WARN_UNINITIALIZED_AUTOS = YES;
				GCC_WARN_UNUSED_VARIABLE = YES;
				IPHONEOS_DEPLOYMENT_TARGET = 4.0;
				ONLY_ACTIVE_ARCH = YES;
				SDKROOT = iphoneos;
				TARGETED_DEVICE_FAMILY = "1,2";
			};
			name = Debug;
		};
		A69D7F1E16E62BF000DD1DE3 /* Release */ = {
			isa = XCBuildConfiguration;
			buildSettings = {
				ALWAYS_SEARCH_USER_PATHS = NO;
				CLANG_CXX_LANGUAGE_STANDARD = "gnu++0x";
				CLANG_CXX_LIBRARY = "libc++";
				CLANG_ENABLE_OBJC_ARC = YES;
				CLANG_WARN_CONSTANT_CONVERSION = YES;
				CLANG_WARN_EMPTY_BODY = YES;
				CLANG_WARN_ENUM_CONVERSION = YES;
				CLANG_WARN_INT_CONVERSION = YES;
				CLANG_WARN__DUPLICATE_METHOD_MATCH = YES;
				"CODE_SIGN_IDENTITY[sdk=iphoneos*]" = "iPhone Developer";
				COPY_PHASE_STRIP = YES;
				GCC_C_LANGUAGE_STANDARD = gnu99;
				GCC_WARN_ABOUT_RETURN_TYPE = YES;
				GCC_WARN_UNINITIALIZED_AUTOS = YES;
				GCC_WARN_UNUSED_VARIABLE = YES;
				IPHONEOS_DEPLOYMENT_TARGET = 4.0;
				OTHER_CFLAGS = "-DNS_BLOCK_ASSERTIONS=1";
				SDKROOT = iphoneos;
				TARGETED_DEVICE_FAMILY = "1,2";
				VALIDATE_PRODUCT = YES;
			};
			name = Release;
		};
		A69D7F2016E62BF000DD1DE3 /* Debug */ = {
			isa = XCBuildConfiguration;
			buildSettings = {
				"CODE_SIGN_IDENTITY[sdk=iphoneos*]" = "iPhone Developer: YANGJUN HE (PZNE7A4LHQ)";
				GCC_PRECOMPILE_PREFIX_HEADER = YES;
				GCC_PREFIX_HEADER = "iSpinWheel/iSpinWheel-Prefix.h";
				INFOPLIST_FILE = "iSpinWheel/iSpinWheel-Info.plist";
				PRODUCT_NAME = "$(TARGET_NAME)";
				"PROVISIONING_PROFILE[sdk=iphoneos*]" = "95C01191-85A0-40CB-B72E-82B818B6C5E1";
				WRAPPER_EXTENSION = app;
			};
			name = Debug;
		};
		A69D7F2116E62BF000DD1DE3 /* Release */ = {
			isa = XCBuildConfiguration;
			buildSettings = {
				GCC_PRECOMPILE_PREFIX_HEADER = YES;
				GCC_PREFIX_HEADER = "iSpinWheel/iSpinWheel-Prefix.h";
				INFOPLIST_FILE = "iSpinWheel/iSpinWheel-Info.plist";
				PRODUCT_NAME = "$(TARGET_NAME)";
				WRAPPER_EXTENSION = app;
			};
			name = Release;
		};
/* End XCBuildConfiguration section */

/* Begin XCConfigurationList section */
		A69D7EFD16E62BEF00DD1DE3 /* Build configuration list for PBXProject "iSpinWheel" */ = {
			isa = XCConfigurationList;
			buildConfigurations = (
				A69D7F1D16E62BF000DD1DE3 /* Debug */,
				A69D7F1E16E62BF000DD1DE3 /* Release */,
			);
			defaultConfigurationIsVisible = 0;
			defaultConfigurationName = Release;
		};
		A69D7F1F16E62BF000DD1DE3 /* Build configuration list for PBXNativeTarget "iSpinWheel" */ = {
			isa = XCConfigurationList;
			buildConfigurations = (
				A69D7F2016E62BF000DD1DE3 /* Debug */,
				A69D7F2116E62BF000DD1DE3 /* Release */,
			);
			defaultConfigurationIsVisible = 0;
			defaultConfigurationName = Release;
		};
/* End XCConfigurationList section */
	};
	rootObject = A69D7EFA16E62BEF00DD1DE3 /* Project object */;
}
